
Microsoft Visual Studio Solution File, Format Version 12.00
# Visual Studio Version 16
VisualStudioVersion = 16.0.28714.193
MinimumVisualStudioVersion = 10.0.40219.1
Project("{2150E333-8FDC-42A3-9474-1A3956D46DE8}") = "Src", "Src", "{8E5724FA-503B-4FB0-BF89-F6A7E18863B4}"
EndProject
Project("{2150E333-8FDC-42A3-9474-1A3956D46DE8}") = "Test", "Test", "{98F72350-F91D-4E43-A0BC-F825B082FE2E}"
EndProject
Project("{9A19103F-16F7-4668-BE54-9A1E7A4F7556}") = "Canedo.DotNetCore.Data", "Canedo.DotNetCore.Data\Canedo.DotNetCore.Data.csproj", "{5BEA4E8B-CA42-43B6-B33A-95BD18E7BA11}"
EndProject
Project("{9A19103F-16F7-4668-BE54-9A1E7A4F7556}") = "Canedo.DotNetCore.Data.Test", "Canedo.DotNetCore.Data.Test\Canedo.DotNetCore.Data.Test.csproj", "{9F8EAD59-8A78-40C8-BD47-7C1CF1AAAB1A}"
EndProject
Project("{9A19103F-16F7-4668-BE54-9A1E7A4F7556}") = "Canedo.Core.Domain", "Canedo.Core.Domain\Canedo.Core.Domain.csproj", "{FB08661A-46E4-4BF2-8FC4-D40E73ACC77A}"
EndProject
Project("{2150E333-8FDC-42A3-9474-1A3956D46DE8}") = "Domain", "Domain", "{5B6F541F-23A9-4C73-A22F-1EEBD64F5EAB}"
EndProject
Project("{2150E333-8FDC-42A3-9474-1A3956D46DE8}") = "Server", "Server", "{B007DD1D-93A3-4261-A95C-6683FFCBAAA7}"
EndProject
Project("{2150E333-8FDC-42A3-9474-1A3956D46DE8}") = "Core", "Core", "{AA011594-A177-48F8-9EC1-D816DDC1C4E7}"
EndProject
Project("{FAE04EC0-301F-11D3-BF4B-00C04F79EFBC}") = "Canedo.DotNetCore.Api", "Canedo.DotNetCore.Api\Canedo.DotNetCore.Api.csproj", "{1BEDAF29-24C3-4C8E-80C9-D20D21D3E338}"
EndProject
Project("{FAE04EC0-301F-11D3-BF4B-00C04F79EFBC}") = "Canedo.Core.Identity", "Canedo.Core.Identity\Canedo.Core.Identity.csproj", "{B9DE8F2B-8DFF-4916-A3C7-CFBA3917B2D7}"
EndProject
Project("{FAE04EC0-301F-11D3-BF4B-00C04F79EFBC}") = "Canedo.Core.Infra", "Canedo.Core.Infra\Canedo.Core.Infra.csproj", "{121F7F9E-85D3-4F1B-BDAC-C6ECAB0E183D}"
EndProject
Global
	GlobalSection(SolutionConfigurationPlatforms) = preSolution
		Debug|Any CPU = Debug|Any CPU
		Release|Any CPU = Release|Any CPU
	EndGlobalSection
	GlobalSection(ProjectConfigurationPlatforms) = postSolution
		{5BEA4E8B-CA42-43B6-B33A-95BD18E7BA11}.Debug|Any CPU.ActiveCfg = Debug|Any CPU
		{5BEA4E8B-CA42-43B6-B33A-95BD18E7BA11}.Debug|Any CPU.Build.0 = Debug|Any CPU
		{5BEA4E8B-CA42-43B6-B33A-95BD18E7BA11}.Release|Any CPU.ActiveCfg = Release|Any CPU
		{5BEA4E8B-CA42-43B6-B33A-95BD18E7BA11}.Release|Any CPU.Build.0 = Release|Any CPU
		{9F8EAD59-8A78-40C8-BD47-7C1CF1AAAB1A}.Debug|Any CPU.ActiveCfg = Debug|Any CPU
		{9F8EAD59-8A78-40C8-BD47-7C1CF1AAAB1A}.Debug|Any CPU.Build.0 = Debug|Any CPU
		{9F8EAD59-8A78-40C8-BD47-7C1CF1AAAB1A}.Release|Any CPU.ActiveCfg = Release|Any CPU
		{9F8EAD59-8A78-40C8-BD47-7C1CF1AAAB1A}.Release|Any CPU.Build.0 = Release|Any CPU
		{FB08661A-46E4-4BF2-8FC4-D40E73ACC77A}.Debug|Any CPU.ActiveCfg = Debug|Any CPU
		{FB08661A-46E4-4BF2-8FC4-D40E73ACC77A}.Debug|Any CPU.Build.0 = Debug|Any CPU
		{FB08661A-46E4-4BF2-8FC4-D40E73ACC77A}.Release|Any CPU.ActiveCfg = Release|Any CPU
		{FB08661A-46E4-4BF2-8FC4-D40E73ACC77A}.Release|Any CPU.Build.0 = Release|Any CPU
		{1BEDAF29-24C3-4C8E-80C9-D20D21D3E338}.Debug|Any CPU.ActiveCfg = Debug|Any CPU
		{1BEDAF29-24C3-4C8E-80C9-D20D21D3E338}.Debug|Any CPU.Build.0 = Debug|Any CPU
		{1BEDAF29-24C3-4C8E-80C9-D20D21D3E338}.Release|Any CPU.ActiveCfg = Release|Any CPU
		{1BEDAF29-24C3-4C8E-80C9-D20D21D3E338}.Release|Any CPU.Build.0 = Release|Any CPU
		{B9DE8F2B-8DFF-4916-A3C7-CFBA3917B2D7}.Debug|Any CPU.ActiveCfg = Debug|Any CPU
		{B9DE8F2B-8DFF-4916-A3C7-CFBA3917B2D7}.Debug|Any CPU.Build.0 = Debug|Any CPU
		{B9DE8F2B-8DFF-4916-A3C7-CFBA3917B2D7}.Release|Any CPU.ActiveCfg = Release|Any CPU
		{B9DE8F2B-8DFF-4916-A3C7-CFBA3917B2D7}.Release|Any CPU.Build.0 = Release|Any CPU
		{121F7F9E-85D3-4F1B-BDAC-C6ECAB0E183D}.Debug|Any CPU.ActiveCfg = Debug|Any CPU
		{121F7F9E-85D3-4F1B-BDAC-C6ECAB0E183D}.Debug|Any CPU.Build.0 = Debug|Any CPU
		{121F7F9E-85D3-4F1B-BDAC-C6ECAB0E183D}.Release|Any CPU.ActiveCfg = Release|Any CPU
		{121F7F9E-85D3-4F1B-BDAC-C6ECAB0E183D}.Release|Any CPU.Build.0 = Release|Any CPU
	EndGlobalSection
	GlobalSection(SolutionProperties) = preSolution
		HideSolutionNode = FALSE
	EndGlobalSection
	GlobalSection(NestedProjects) = preSolution
		{5BEA4E8B-CA42-43B6-B33A-95BD18E7BA11} = {8E5724FA-503B-4FB0-BF89-F6A7E18863B4}
		{9F8EAD59-8A78-40C8-BD47-7C1CF1AAAB1A} = {98F72350-F91D-4E43-A0BC-F825B082FE2E}
		{FB08661A-46E4-4BF2-8FC4-D40E73ACC77A} = {AA011594-A177-48F8-9EC1-D816DDC1C4E7}
		{5B6F541F-23A9-4C73-A22F-1EEBD64F5EAB} = {8E5724FA-503B-4FB0-BF89-F6A7E18863B4}
		{B007DD1D-93A3-4261-A95C-6683FFCBAAA7} = {8E5724FA-503B-4FB0-BF89-F6A7E18863B4}
		{AA011594-A177-48F8-9EC1-D816DDC1C4E7} = {5B6F541F-23A9-4C73-A22F-1EEBD64F5EAB}
		{1BEDAF29-24C3-4C8E-80C9-D20D21D3E338} = {B007DD1D-93A3-4261-A95C-6683FFCBAAA7}
		{B9DE8F2B-8DFF-4916-A3C7-CFBA3917B2D7} = {AA011594-A177-48F8-9EC1-D816DDC1C4E7}
		{121F7F9E-85D3-4F1B-BDAC-C6ECAB0E183D} = {AA011594-A177-48F8-9EC1-D816DDC1C4E7}
	EndGlobalSection
	GlobalSection(ExtensibilityGlobals) = postSolution
		SolutionGuid = {8C871D24-350C-4F9E-BC64-68A9AE630C80}
	EndGlobalSection
EndGlobal
